{
  "name": "notification-service",
  "version": "1.0.0",
  "lockfileVersion": 1,
  "requires": true,
  "dependencies": {
    "bindings": {
      "version": "1.3.0",
      "resolved": "https://registry.npmjs.org/bindings/-/bindings-1.3.0.tgz",
      "integrity": "sha512-DpLh5EzMR2kzvX1KIlVC0VkC3iZtHKTgdtZ0a3pglBZdaQFjt5S9g9xd1lE+YvXyfd6mtCeRnrUfOLYiTMlNSw=="
    },
    "nan": {
      "version": "2.8.0",
      "resolved": "https://registry.npmjs.org/nan/-/nan-2.8.0.tgz",
      "integrity": "sha1-7XFfP+neArV6XmJS2QqWZ14fCFo="
    },
    "node-rdkafka": {
      "version": "2.2.1",
      "resolved": "https://registry.npmjs.org/node-rdkafka/-/node-rdkafka-2.2.1.tgz",
      "integrity": "sha1-5L7o57Kpk+b8lo3dNB9E48UHskY=",
      "requires": {
        "bindings": "1.3.0",
        "nan": "2.8.0"
      }
    }
  }
}
